
Microsoft Visual Studio Solution File, Format Version 12.00
# Visual Studio 15
VisualStudioVersion = 15.0.27130.2026
MinimumVisualStudioVersion = 10.0.40219.1
Project("{FAE04EC0-301F-11D3-BF4B-00C04F79EFBC}") = "BoolList_Razor_2", "BoolList_Razor_2\BoolList_Razor_2.csproj", "{A4A1864E-A226-4EFE-9D09-2C631AA1236A}"
EndProject
Global
	GlobalSection(SolutionConfigurationPlatforms) = preSolution
		Debug|Any CPU = Debug|Any CPU
		Release|Any CPU = Release|Any CPU
	EndGlobalSection
	GlobalSection(ProjectConfigurationPlatforms) = postSolution
		{A4A1864E-A226-4EFE-9D09-2C631AA1236A}.Debug|Any CPU.ActiveCfg = Debug|Any CPU
		{A4A1864E-A226-4EFE-9D09-2C631AA1236A}.Debug|Any CPU.Build.0 = Debug|Any CPU
		{A4A1864E-A226-4EFE-9D09-2C631AA1236A}.Release|Any CPU.ActiveCfg = Release|Any CPU
		{A4A1864E-A226-4EFE-9D09-2C631AA1236A}.Release|Any CPU.Build.0 = Release|Any CPU
	EndGlobalSection
	GlobalSection(SolutionProperties) = preSolution
		HideSolutionNode = FALSE
	EndGlobalSection
	GlobalSection(ExtensibilityGlobals) = postSolution
		SolutionGuid = {BA1B87F7-C341-4C61-B6EB-E9F84965939C}
	EndGlobalSection
EndGlobal
